
Microsoft Visual Studio Solution File, Format Version 12.00
Project("{FAE04EC0-301F-11D3-BF4B-00C04F79EFBC}") = "HomeOrganizer.Api", "HomeOrganizer.Api\HomeOrganizer.Api.csproj", "{B39B986F-1655-4211-8280-8F71357D80F6}"
EndProject
Project("{FAE04EC0-301F-11D3-BF4B-00C04F79EFBC}") = "HomeOrganizer.Application", "HomeOrganizer.Application\HomeOrganizer.Application.csproj", "{2BA2D492-E926-4917-B3B9-3490032671C1}"
EndProject
Project("{FAE04EC0-301F-11D3-BF4B-00C04F79EFBC}") = "HomeOrganizer.Domain", "HomeOrganizer.Domain\HomeOrganizer.Domain.csproj", "{4F093F89-6368-4FC9-ADC7-36355E47C797}"
EndProject
Project("{FAE04EC0-301F-11D3-BF4B-00C04F79EFBC}") = "HomeOrganizer.Infrastructure", "HomeOrganizer.Infrastructure\HomeOrganizer.Infrastructure.csproj", "{2B836101-51DB-40BE-8342-73DAF7CBE0E5}"
EndProject
Project("{FAE04EC0-301F-11D3-BF4B-00C04F79EFBC}") = "HomeOrganizer.Tests", "HomeOrganizer.Tests\HomeOrganizer.Tests.csproj", "{A77E8EE5-0C45-4B33-BCDC-DABAC530C8B2}"
EndProject
Global
	GlobalSection(SolutionConfigurationPlatforms) = preSolution
		Debug|Any CPU = Debug|Any CPU
		Release|Any CPU = Release|Any CPU
	EndGlobalSection
	GlobalSection(ProjectConfigurationPlatforms) = postSolution
		{B39B986F-1655-4211-8280-8F71357D80F6}.Debug|Any CPU.ActiveCfg = Debug|Any CPU
		{B39B986F-1655-4211-8280-8F71357D80F6}.Debug|Any CPU.Build.0 = Debug|Any CPU
		{B39B986F-1655-4211-8280-8F71357D80F6}.Release|Any CPU.ActiveCfg = Release|Any CPU
		{B39B986F-1655-4211-8280-8F71357D80F6}.Release|Any CPU.Build.0 = Release|Any CPU
		{2BA2D492-E926-4917-B3B9-3490032671C1}.Debug|Any CPU.ActiveCfg = Debug|Any CPU
		{2BA2D492-E926-4917-B3B9-3490032671C1}.Debug|Any CPU.Build.0 = Debug|Any CPU
		{2BA2D492-E926-4917-B3B9-3490032671C1}.Release|Any CPU.ActiveCfg = Release|Any CPU
		{2BA2D492-E926-4917-B3B9-3490032671C1}.Release|Any CPU.Build.0 = Release|Any CPU
		{4F093F89-6368-4FC9-ADC7-36355E47C797}.Debug|Any CPU.ActiveCfg = Debug|Any CPU
		{4F093F89-6368-4FC9-ADC7-36355E47C797}.Debug|Any CPU.Build.0 = Debug|Any CPU
		{4F093F89-6368-4FC9-ADC7-36355E47C797}.Release|Any CPU.ActiveCfg = Release|Any CPU
		{4F093F89-6368-4FC9-ADC7-36355E47C797}.Release|Any CPU.Build.0 = Release|Any CPU
		{2B836101-51DB-40BE-8342-73DAF7CBE0E5}.Debug|Any CPU.ActiveCfg = Debug|Any CPU
		{2B836101-51DB-40BE-8342-73DAF7CBE0E5}.Debug|Any CPU.Build.0 = Debug|Any CPU
		{2B836101-51DB-40BE-8342-73DAF7CBE0E5}.Release|Any CPU.ActiveCfg = Release|Any CPU
		{2B836101-51DB-40BE-8342-73DAF7CBE0E5}.Release|Any CPU.Build.0 = Release|Any CPU
		{A77E8EE5-0C45-4B33-BCDC-DABAC530C8B2}.Debug|Any CPU.ActiveCfg = Debug|Any CPU
		{A77E8EE5-0C45-4B33-BCDC-DABAC530C8B2}.Debug|Any CPU.Build.0 = Debug|Any CPU
		{A77E8EE5-0C45-4B33-BCDC-DABAC530C8B2}.Release|Any CPU.ActiveCfg = Release|Any CPU
		{A77E8EE5-0C45-4B33-BCDC-DABAC530C8B2}.Release|Any CPU.Build.0 = Release|Any CPU
	EndGlobalSection
EndGlobal
